// !$*UTF8*$!
{
	archiveVersion = 1;
	classes = {
	};
	objectVersion = 46;
	objects = {

/* Begin PBXBuildFile section */
		42CB985827AD248A00A433A3 /* libCommon.a in Frameworks */ = {isa = PBXBuildFile; fileRef = 42CB981F27AD22FF00A433A3 /* libCommon.a */; };
		42CB985927AD248A00A433A3 /* libHome.a in Frameworks */ = {isa = PBXBuildFile; fileRef = 42CB985127AD245F00A433A3 /* libHome.a */; };
		42CB985A27AD248A00A433A3 /* libMediator.a in Frameworks */ = {isa = PBXBuildFile; fileRef = 42CB984B27AD244F00A433A3 /* libMediator.a */; };
		42CB98A027AE17E300A433A3 /* HomeBundle.bundle in Resources */ = {isa = PBXBuildFile; fileRef = 42CB989C27AE163000A433A3 /* HomeBundle.bundle */; };
		607FACD61AFB9204008FA782 /* AppDelegate.swift in Sources */ = {isa = PBXBuildFile; fileRef = 607FACD51AFB9204008FA782 /* AppDelegate.swift */; };
		607FACDD1AFB9204008FA782 /* Images.xcassets in Resources */ = {isa = PBXBuildFile; fileRef = 607FACDC1AFB9204008FA782 /* Images.xcassets */; };
		607FACE01AFB9204008FA782 /* LaunchScreen.xib in Resources */ = {isa = PBXBuildFile; fileRef = 607FACDE1AFB9204008FA782 /* LaunchScreen.xib */; };
		B9F082D8249B43F8F6FAA93F /* Pods_Hornet_Example.framework in Frameworks */ = {isa = PBXBuildFile; fileRef = A90526F19D8A29CBBB8BCAFB /* Pods_Hornet_Example.framework */; };
/* End PBXBuildFile section */

/* Begin PBXContainerItemProxy section */
		42CB981E27AD22FF00A433A3 /* PBXContainerItemProxy */ = {
			isa = PBXContainerItemProxy;
			containerPortal = 42CB981A27AD22FF00A433A3 /* Common.xcodeproj */;
			proxyType = 2;
			remoteGlobalIDString = 42CB980C27AD205800A433A3;
			remoteInfo = Common;
		};
		42CB984A27AD244F00A433A3 /* PBXContainerItemProxy */ = {
			isa = PBXContainerItemProxy;
			containerPortal = 42CB984627AD244F00A433A3 /* Mediator.xcodeproj */;
			proxyType = 2;
			remoteGlobalIDString = 42CB982927AD238400A433A3;
			remoteInfo = Mediator;
		};
		42CB985027AD245F00A433A3 /* PBXContainerItemProxy */ = {
			isa = PBXContainerItemProxy;
			containerPortal = 42CB984C27AD245F00A433A3 /* Home.xcodeproj */;
			proxyType = 2;
			remoteGlobalIDString = 42CB983C27AD239900A433A3;
			remoteInfo = Home;
		};
		42CB985227AD247E00A433A3 /* PBXContainerItemProxy */ = {
			isa = PBXContainerItemProxy;
			containerPortal = 42CB984C27AD245F00A433A3 /* Home.xcodeproj */;
			proxyType = 1;
			remoteGlobalIDString = 42CB983B27AD239900A433A3;
			remoteInfo = Home;
		};
		42CB985427AD247E00A433A3 /* PBXContainerItemProxy */ = {
			isa = PBXContainerItemProxy;
			containerPortal = 42CB984627AD244F00A433A3 /* Mediator.xcodeproj */;
			proxyType = 1;
			remoteGlobalIDString = 42CB982827AD238400A433A3;
			remoteInfo = Mediator;
		};
		42CB985627AD247E00A433A3 /* PBXContainerItemProxy */ = {
			isa = PBXContainerItemProxy;
			containerPortal = 42CB981A27AD22FF00A433A3 /* Common.xcodeproj */;
			proxyType = 1;
			remoteGlobalIDString = 42CB980B27AD205800A433A3;
			remoteInfo = Common;
		};
		42CB989827AE163000A433A3 /* PBXContainerItemProxy */ = {
			isa = PBXContainerItemProxy;
			containerPortal = 42CB984C27AD245F00A433A3 /* Home.xcodeproj */;
			proxyType = 1;
			remoteGlobalIDString = 42CB989327AE15F200A433A3;
			remoteInfo = HomeBundle;
		};
		42CB989B27AE163000A433A3 /* PBXContainerItemProxy */ = {
			isa = PBXContainerItemProxy;
			containerPortal = 42CB984C27AD245F00A433A3 /* Home.xcodeproj */;
			proxyType = 2;
			remoteGlobalIDString = 42CB989427AE15F200A433A3;
			remoteInfo = HomeBundle;
		};
/* End PBXContainerItemProxy section */

/* Begin PBXFileReference section */
		1290585D653AF38CA7318BA5 /* Pods-Hornet_Example.release.xcconfig */ = {isa = PBXFileReference; includeInIndex = 1; lastKnownFileType = text.xcconfig; name = "Pods-Hornet_Example.release.xcconfig"; path = "Target Support Files/Pods-Hornet_Example/Pods-Hornet_Example.release.xcconfig"; sourceTree = "<group>"; };
		42CB981A27AD22FF00A433A3 /* Common.xcodeproj */ = {isa = PBXFileReference; lastKnownFileType = "wrapper.pb-project"; name = Common.xcodeproj; path = Modules/Common/Common.xcodeproj; sourceTree = "<group>"; };
		42CB984627AD244F00A433A3 /* Mediator.xcodeproj */ = {isa = PBXFileReference; lastKnownFileType = "wrapper.pb-project"; name = Mediator.xcodeproj; path = Modules/Mediator/Mediator.xcodeproj; sourceTree = "<group>"; };
		42CB984C27AD245F00A433A3 /* Home.xcodeproj */ = {isa = PBXFileReference; lastKnownFileType = "wrapper.pb-project"; name = Home.xcodeproj; path = Modules/Home/Home.xcodeproj; sourceTree = "<group>"; };
		448A12F1FE57ED26E31E44E0 /* README.md */ = {isa = PBXFileReference; includeInIndex = 1; lastKnownFileType = net.daringfireball.markdown; name = README.md; path = ../README.md; sourceTree = "<group>"; };
		5CE79418B1DA0D104CF695E7 /* Pods-Hornet_Example.debug.xcconfig */ = {isa = PBXFileReference; includeInIndex = 1; lastKnownFileType = text.xcconfig; name = "Pods-Hornet_Example.debug.xcconfig"; path = "Target Support Files/Pods-Hornet_Example/Pods-Hornet_Example.debug.xcconfig"; sourceTree = "<group>"; };
		607FACD01AFB9204008FA782 /* Hornet_Example.app */ = {isa = PBXFileReference; explicitFileType = wrapper.application; includeInIndex = 0; path = Hornet_Example.app; sourceTree = BUILT_PRODUCTS_DIR; };
		607FACD41AFB9204008FA782 /* Info.plist */ = {isa = PBXFileReference; lastKnownFileType = text.plist.xml; path = Info.plist; sourceTree = "<group>"; };
		607FACD51AFB9204008FA782 /* AppDelegate.swift */ = {isa = PBXFileReference; lastKnownFileType = sourcecode.swift; path = AppDelegate.swift; sourceTree = "<group>"; };
		607FACDC1AFB9204008FA782 /* Images.xcassets */ = {isa = PBXFileReference; lastKnownFileType = folder.assetcatalog; path = Images.xcassets; sourceTree = "<group>"; };
		607FACDF1AFB9204008FA782 /* Base */ = {isa = PBXFileReference; lastKnownFileType = file.xib; name = Base; path = Base.lproj/LaunchScreen.xib; sourceTree = "<group>"; };
		8839612135425A2FB3269914 /* Pods_Hornet_Tests.framework */ = {isa = PBXFileReference; explicitFileType = wrapper.framework; includeInIndex = 0; path = Pods_Hornet_Tests.framework; sourceTree = BUILT_PRODUCTS_DIR; };
		9E985C8EAEE1F68C8D8D3C2E /* LICENSE */ = {isa = PBXFileReference; includeInIndex = 1; lastKnownFileType = text; name = LICENSE; path = ../LICENSE; sourceTree = "<group>"; };
		A90526F19D8A29CBBB8BCAFB /* Pods_Hornet_Example.framework */ = {isa = PBXFileReference; explicitFileType = wrapper.framework; includeInIndex = 0; path = Pods_Hornet_Example.framework; sourceTree = BUILT_PRODUCTS_DIR; };
		E0B66CA5898539BB8D102EED /* Hornet.podspec */ = {isa = PBXFileReference; includeInIndex = 1; lastKnownFileType = text; name = Hornet.podspec; path = ../Hornet.podspec; sourceTree = "<group>"; xcLanguageSpecificationIdentifier = xcode.lang.ruby; };
/* End PBXFileReference section */

/* Begin PBXFrameworksBuildPhase section */
		607FACCD1AFB9204008FA782 /* Frameworks */ = {
			isa = PBXFrameworksBuildPhase;
			buildActionMask = 2147483647;
			files = (
				42CB985827AD248A00A433A3 /* libCommon.a in Frameworks */,
				42CB985927AD248A00A433A3 /* libHome.a in Frameworks */,
				42CB985A27AD248A00A433A3 /* libMediator.a in Frameworks */,
				B9F082D8249B43F8F6FAA93F /* Pods_Hornet_Example.framework in Frameworks */,
			);
			runOnlyForDeploymentPostprocessing = 0;
		};
/* End PBXFrameworksBuildPhase section */

/* Begin PBXGroup section */
		36F85A5FC393CC858A1E345C /* Frameworks */ = {
			isa = PBXGroup;
			children = (
				A90526F19D8A29CBBB8BCAFB /* Pods_Hornet_Example.framework */,
				8839612135425A2FB3269914 /* Pods_Hornet_Tests.framework */,
			);
			name = Frameworks;
			sourceTree = "<group>";
		};
		42CB981727AD207100A433A3 /* AppDelegate */ = {
			isa = PBXGroup;
			children = (
				607FACD51AFB9204008FA782 /* AppDelegate.swift */,
				607FACDE1AFB9204008FA782 /* LaunchScreen.xib */,
			);
			name = AppDelegate;
			sourceTree = "<group>";
		};
		42CB981827AD21F300A433A3 /* Resource */ = {
			isa = PBXGroup;
			children = (
				607FACDC1AFB9204008FA782 /* Images.xcassets */,
			);
			name = Resource;
			sourceTree = "<group>";
		};
		42CB981B27AD22FF00A433A3 /* Products */ = {
			isa = PBXGroup;
			children = (
				42CB981F27AD22FF00A433A3 /* libCommon.a */,
			);
			name = Products;
			sourceTree = "<group>";
		};
		42CB984727AD244F00A433A3 /* Products */ = {
			isa = PBXGroup;
			children = (
				42CB984B27AD244F00A433A3 /* libMediator.a */,
			);
			name = Products;
			sourceTree = "<group>";
		};
		42CB984D27AD245F00A433A3 /* Products */ = {
			isa = PBXGroup;
			children = (
				42CB985127AD245F00A433A3 /* libHome.a */,
				42CB989C27AE163000A433A3 /* HomeBundle.bundle */,
			);
			name = Products;
			sourceTree = "<group>";
		};
		607FACC71AFB9204008FA782 = {
			isa = PBXGroup;
			children = (
				42CB984C27AD245F00A433A3 /* Home.xcodeproj */,
				42CB984627AD244F00A433A3 /* Mediator.xcodeproj */,
				42CB981A27AD22FF00A433A3 /* Common.xcodeproj */,
				607FACF51AFB993E008FA782 /* Podspec Metadata */,
				607FACD21AFB9204008FA782 /* App */,
				607FACD11AFB9204008FA782 /* Products */,
				948547231A0AC7A0ED474A42 /* Pods */,
				36F85A5FC393CC858A1E345C /* Frameworks */,
			);
			sourceTree = "<group>";
		};
		607FACD11AFB9204008FA782 /* Products */ = {
			isa = PBXGroup;
			children = (
				607FACD01AFB9204008FA782 /* Hornet_Example.app */,
			);
			name = Products;
			sourceTree = "<group>";
		};
		607FACD21AFB9204008FA782 /* App */ = {
			isa = PBXGroup;
			children = (
				42CB981827AD21F300A433A3 /* Resource */,
				42CB981727AD207100A433A3 /* AppDelegate */,
				607FACD31AFB9204008FA782 /* Supporting Files */,
			);
			name = App;
			path = Hornet;
			sourceTree = "<group>";
		};
		607FACD31AFB9204008FA782 /* Supporting Files */ = {
			isa = PBXGroup;
			children = (
				607FACD41AFB9204008FA782 /* Info.plist */,
			);
			name = "Supporting Files";
			sourceTree = "<group>";
		};
		607FACF51AFB993E008FA782 /* Podspec Metadata */ = {
			isa = PBXGroup;
			children = (
				E0B66CA5898539BB8D102EED /* Hornet.podspec */,
				448A12F1FE57ED26E31E44E0 /* README.md */,
				9E985C8EAEE1F68C8D8D3C2E /* LICENSE */,
			);
			name = "Podspec Metadata";
			sourceTree = "<group>";
		};
		948547231A0AC7A0ED474A42 /* Pods */ = {
			isa = PBXGroup;
			children = (
				5CE79418B1DA0D104CF695E7 /* Pods-Hornet_Example.debug.xcconfig */,
				1290585D653AF38CA7318BA5 /* Pods-Hornet_Example.release.xcconfig */,
			);
			path = Pods;
			sourceTree = "<group>";
		};
/* End PBXGroup section */

/* Begin PBXNativeTarget section */
		607FACCF1AFB9204008FA782 /* Hornet_Example */ = {
			isa = PBXNativeTarget;
			buildConfigurationList = 607FACEF1AFB9204008FA782 /* Build configuration list for PBXNativeTarget "Hornet_Example" */;
			buildPhases = (
				33B5FE015C46A2437571319A /* [CP] Check Pods Manifest.lock */,
				607FACCC1AFB9204008FA782 /* Sources */,
				607FACCD1AFB9204008FA782 /* Frameworks */,
				607FACCE1AFB9204008FA782 /* Resources */,
				2AD60CB648020B21C81CA954 /* [CP] Embed Pods Frameworks */,
			);
			buildRules = (
			);
			dependencies = (
				42CB989927AE163000A433A3 /* PBXTargetDependency */,
				42CB985327AD247E00A433A3 /* PBXTargetDependency */,
				42CB985527AD247E00A433A3 /* PBXTargetDependency */,
				42CB985727AD247E00A433A3 /* PBXTargetDependency */,
			);
			name = Hornet_Example;
			productName = Hornet;
			productReference = 607FACD01AFB9204008FA782 /* Hornet_Example.app */;
			productType = "com.apple.product-type.application";
		};
/* End PBXNativeTarget section */

/* Begin PBXProject section */
		607FACC81AFB9204008FA782 /* Project object */ = {
			isa = PBXProject;
			attributes = {
				LastSwiftUpdateCheck = 0830;
				LastUpgradeCheck = 0830;
				ORGANIZATIONNAME = CocoaPods;
				TargetAttributes = {
					607FACCF1AFB9204008FA782 = {
						CreatedOnToolsVersion = 6.3.1;
						DevelopmentTeam = YT6QHNRQP3;
						LastSwiftMigration = 0900;
					};
				};
			};
			buildConfigurationList = 607FACCB1AFB9204008FA782 /* Build configuration list for PBXProject "Hornet" */;
			compatibilityVersion = "Xcode 3.2";
			developmentRegion = English;
			hasScannedForEncodings = 0;
			knownRegions = (
				English,
				en,
				Base,
			);
			mainGroup = 607FACC71AFB9204008FA782;
			productRefGroup = 607FACD11AFB9204008FA782 /* Products */;
			projectDirPath = "";
			projectReferences = (
				{
					ProductGroup = 42CB981B27AD22FF00A433A3 /* Products */;
					ProjectRef = 42CB981A27AD22FF00A433A3 /* Common.xcodeproj */;
				},
				{
					ProductGroup = 42CB984D27AD245F00A433A3 /* Products */;
					ProjectRef = 42CB984C27AD245F00A433A3 /* Home.xcodeproj */;
				},
				{
					ProductGroup = 42CB984727AD244F00A433A3 /* Products */;
					ProjectRef = 42CB984627AD244F00A433A3 /* Mediator.xcodeproj */;
				},
			);
			projectRoot = "";
			targets = (
				607FACCF1AFB9204008FA782 /* Hornet_Example */,
			);
		};
/* End PBXProject section */

/* Begin PBXReferenceProxy section */
		42CB981F27AD22FF00A433A3 /* libCommon.a */ = {
			isa = PBXReferenceProxy;
			fileType = archive.ar;
			path = libCommon.a;
			remoteRef = 42CB981E27AD22FF00A433A3 /* PBXContainerItemProxy */;
			sourceTree = BUILT_PRODUCTS_DIR;
		};
		42CB984B27AD244F00A433A3 /* libMediator.a */ = {
			isa = PBXReferenceProxy;
			fileType = archive.ar;
			path = libMediator.a;
			remoteRef = 42CB984A27AD244F00A433A3 /* PBXContainerItemProxy */;
			sourceTree = BUILT_PRODUCTS_DIR;
		};
		42CB985127AD245F00A433A3 /* libHome.a */ = {
			isa = PBXReferenceProxy;
			fileType = archive.ar;
			path = libHome.a;
			remoteRef = 42CB985027AD245F00A433A3 /* PBXContainerItemProxy */;
			sourceTree = BUILT_PRODUCTS_DIR;
		};
		42CB989C27AE163000A433A3 /* HomeBundle.bundle */ = {
			isa = PBXReferenceProxy;
			fileType = wrapper.cfbundle;
			path = HomeBundle.bundle;
			remoteRef = 42CB989B27AE163000A433A3 /* PBXContainerItemProxy */;
			sourceTree = BUILT_PRODUCTS_DIR;
		};
/* End PBXReferenceProxy section */

/* Begin PBXResourcesBuildPhase section */
		607FACCE1AFB9204008FA782 /* Resources */ = {
			isa = PBXResourcesBuildPhase;
			buildActionMask = 2147483647;
			files = (
				607FACE01AFB9204008FA782 /* LaunchScreen.xib in Resources */,
				607FACDD1AFB9204008FA782 /* Images.xcassets in Resources */,
				42CB98A027AE17E300A433A3 /* HomeBundle.bundle in Resources */,
			);
			runOnlyForDeploymentPostprocessing = 0;
		};
/* End PBXResourcesBuildPhase section */

/* Begin PBXShellScriptBuildPhase section */
		2AD60CB648020B21C81CA954 /* [CP] Embed Pods Frameworks */ = {
			isa = PBXShellScriptBuildPhase;
			buildActionMask = 2147483647;
			files = (
			);
			inputPaths = (
				"${PODS_ROOT}/Target Support Files/Pods-Hornet_Example/Pods-Hornet_Example-frameworks.sh",
				"${BUILT_PRODUCTS_DIR}/Hornet/Hornet.framework",
				"${BUILT_PRODUCTS_DIR}/SnapKit/SnapKit.framework",
			);
			name = "[CP] Embed Pods Frameworks";
			outputPaths = (
				"${TARGET_BUILD_DIR}/${FRAMEWORKS_FOLDER_PATH}/Hornet.framework",
				"${TARGET_BUILD_DIR}/${FRAMEWORKS_FOLDER_PATH}/SnapKit.framework",
			);
			runOnlyForDeploymentPostprocessing = 0;
			shellPath = /bin/sh;
			shellScript = "\"${PODS_ROOT}/Target Support Files/Pods-Hornet_Example/Pods-Hornet_Example-frameworks.sh\"\n";
			showEnvVarsInLog = 0;
		};
		33B5FE015C46A2437571319A /* [CP] Check Pods Manifest.lock */ = {
			isa = PBXShellScriptBuildPhase;
			buildActionMask = 2147483647;
			files = (
			);
			inputFileListPaths = (
			);
			inputPaths = (
				"${PODS_PODFILE_DIR_PATH}/Podfile.lock",
				"${PODS_ROOT}/Manifest.lock",
			);
			name = "[CP] Check Pods Manifest.lock";
			outputFileListPaths = (
			);
			outputPaths = (
				"$(DERIVED_FILE_DIR)/Pods-Hornet_Example-checkManifestLockResult.txt",
			);
			runOnlyForDeploymentPostprocessing = 0;
			shellPath = /bin/sh;
			shellScript = "diff \"${PODS_PODFILE_DIR_PATH}/Podfile.lock\" \"${PODS_ROOT}/Manifest.lock\" > /dev/null\nif [ $? != 0 ] ; then\n    # print error to STDERR\n    echo \"error: The sandbox is not in sync with the Podfile.lock. Run 'pod install' or update your CocoaPods installation.\" >&2\n    exit 1\nfi\n# This output is used by Xcode 'outputs' to avoid re-running this script phase.\necho \"SUCCESS\" > \"${SCRIPT_OUTPUT_FILE_0}\"\n";
			showEnvVarsInLog = 0;
		};
/* End PBXShellScriptBuildPhase section */

/* Begin PBXSourcesBuildPhase section */
		607FACCC1AFB9204008FA782 /* Sources */ = {
			isa = PBXSourcesBuildPhase;
			buildActionMask = 2147483647;
			files = (
				607FACD61AFB9204008FA782 /* AppDelegate.swift in Sources */,
			);
			runOnlyForDeploymentPostprocessing = 0;
		};
/* End PBXSourcesBuildPhase section */

/* Begin PBXTargetDependency section */
		42CB985327AD247E00A433A3 /* PBXTargetDependency */ = {
			isa = PBXTargetDependency;
			name = Home;
			targetProxy = 42CB985227AD247E00A433A3 /* PBXContainerItemProxy */;
		};
		42CB985527AD247E00A433A3 /* PBXTargetDependency */ = {
			isa = PBXTargetDependency;
			name = Mediator;
			targetProxy = 42CB985427AD247E00A433A3 /* PBXContainerItemProxy */;
		};
		42CB985727AD247E00A433A3 /* PBXTargetDependency */ = {
			isa = PBXTargetDependency;
			name = Common;
			targetProxy = 42CB985627AD247E00A433A3 /* PBXContainerItemProxy */;
		};
		42CB989927AE163000A433A3 /* PBXTargetDependency */ = {
			isa = PBXTargetDependency;
			name = HomeBundle;
			targetProxy = 42CB989827AE163000A433A3 /* PBXContainerItemProxy */;
		};
/* End PBXTargetDependency section */

/* Begin PBXVariantGroup section */
		607FACDE1AFB9204008FA782 /* LaunchScreen.xib */ = {
			isa = PBXVariantGroup;
			children = (
				607FACDF1AFB9204008FA782 /* Base */,
			);
			name = LaunchScreen.xib;
			sourceTree = "<group>";
		};
/* End PBXVariantGroup section */

/* Begin XCBuildConfiguration section */
		607FACED1AFB9204008FA782 /* Debug */ = {
			isa = XCBuildConfiguration;
			buildSettings = {
				ALWAYS_SEARCH_USER_PATHS = NO;
				CLANG_CXX_LANGUAGE_STANDARD = "gnu++0x";
				CLANG_CXX_LIBRARY = "libc++";
				CLANG_ENABLE_MODULES = YES;
				CLANG_ENABLE_OBJC_ARC = YES;
				CLANG_WARN_BLOCK_CAPTURE_AUTORELEASING = YES;
				CLANG_WARN_BOOL_CONVERSION = YES;
				CLANG_WARN_COMMA = YES;
				CLANG_WARN_CONSTANT_CONVERSION = YES;
				CLANG_WARN_DIRECT_OBJC_ISA_USAGE = YES_ERROR;
				CLANG_WARN_EMPTY_BODY = YES;
				CLANG_WARN_ENUM_CONVERSION = YES;
				CLANG_WARN_INFINITE_RECURSION = YES;
				CLANG_WARN_INT_CONVERSION = YES;
				CLANG_WARN_NON_LITERAL_NULL_CONVERSION = YES;
				CLANG_WARN_OBJC_LITERAL_CONVERSION = YES;
				CLANG_WARN_OBJC_ROOT_CLASS = YES_ERROR;
				CLANG_WARN_RANGE_LOOP_ANALYSIS = YES;
				CLANG_WARN_STRICT_PROTOTYPES = YES;
				CLANG_WARN_SUSPICIOUS_MOVE = YES;
				CLANG_WARN_UNREACHABLE_CODE = YES;
				CLANG_WARN__DUPLICATE_METHOD_MATCH = YES;
				"CODE_SIGN_IDENTITY[sdk=iphoneos*]" = "iPhone Developer";
				COPY_PHASE_STRIP = NO;
				DEBUG_INFORMATION_FORMAT = "dwarf-with-dsym";
				ENABLE_STRICT_OBJC_MSGSEND = YES;
				ENABLE_TESTABILITY = YES;
				GCC_C_LANGUAGE_STANDARD = gnu99;
				GCC_DYNAMIC_NO_PIC = NO;
				GCC_NO_COMMON_BLOCKS = YES;
				GCC_OPTIMIZATION_LEVEL = 0;
				GCC_PREPROCESSOR_DEFINITIONS = (
					"DEBUG=1",
					"$(inherited)",
				);
				GCC_SYMBOLS_PRIVATE_EXTERN = NO;
				GCC_WARN_64_TO_32_BIT_CONVERSION = YES;
				GCC_WARN_ABOUT_RETURN_TYPE = YES_ERROR;
				GCC_WARN_UNDECLARED_SELECTOR = YES;
				GCC_WARN_UNINITIALIZED_AUTOS = YES_AGGRESSIVE;
				GCC_WARN_UNUSED_FUNCTION = YES;
				GCC_WARN_UNUSED_VARIABLE = YES;
				IPHONEOS_DEPLOYMENT_TARGET = 11.0;
				MTL_ENABLE_DEBUG_INFO = YES;
				ONLY_ACTIVE_ARCH = YES;
				SDKROOT = iphoneos;
				SWIFT_OPTIMIZATION_LEVEL = "-Onone";
			};
			name = Debug;
		};
		607FACEE1AFB9204008FA782 /* Release */ = {
			isa = XCBuildConfiguration;
			buildSettings = {
				ALWAYS_SEARCH_USER_PATHS = NO;
				CLANG_CXX_LANGUAGE_STANDARD = "gnu++0x";
				CLANG_CXX_LIBRARY = "libc++";
				CLANG_ENABLE_MODULES = YES;
				CLANG_ENABLE_OBJC_ARC = YES;
				CLANG_WARN_BLOCK_CAPTURE_AUTORELEASING = YES;
				CLANG_WARN_BOOL_CONVERSION = YES;
				CLANG_WARN_COMMA = YES;
				CLANG_WARN_CONSTANT_CONVERSION = YES;
				CLANG_WARN_DIRECT_OBJC_ISA_USAGE = YES_ERROR;
				CLANG_WARN_EMPTY_BODY = YES;
				CLANG_WARN_ENUM_CONVERSION = YES;
				CLANG_WARN_INFINITE_RECURSION = YES;
				CLANG_WARN_INT_CONVERSION = YES;
				CLANG_WARN_NON_LITERAL_NULL_CONVERSION = YES;
				CLANG_WARN_OBJC_LITERAL_CONVERSION = YES;
				CLANG_WARN_OBJC_ROOT_CLASS = YES_ERROR;
				CLANG_WARN_RANGE_LOOP_ANALYSIS = YES;
				CLANG_WARN_STRICT_PROTOTYPES = YES;
				CLANG_WARN_SUSPICIOUS_MOVE = YES;
				CLANG_WARN_UNREACHABLE_CODE = YES;
				CLANG_WARN__DUPLICATE_METHOD_MATCH = YES;
				"CODE_SIGN_IDENTITY[sdk=iphoneos*]" = "iPhone Developer";
				COPY_PHASE_STRIP = NO;
				DEBUG_INFORMATION_FORMAT = "dwarf-with-dsym";
				ENABLE_NS_ASSERTIONS = NO;
				ENABLE_STRICT_OBJC_MSGSEND = YES;
				GCC_C_LANGUAGE_STANDARD = gnu99;
				GCC_NO_COMMON_BLOCKS = YES;
				GCC_WARN_64_TO_32_BIT_CONVERSION = YES;
				GCC_WARN_ABOUT_RETURN_TYPE = YES_ERROR;
				GCC_WARN_UNDECLARED_SELECTOR = YES;
				GCC_WARN_UNINITIALIZED_AUTOS = YES_AGGRESSIVE;
				GCC_WARN_UNUSED_FUNCTION = YES;
				GCC_WARN_UNUSED_VARIABLE = YES;
				IPHONEOS_DEPLOYMENT_TARGET = 11.0;
				MTL_ENABLE_DEBUG_INFO = NO;
				SDKROOT = iphoneos;
				SWIFT_OPTIMIZATION_LEVEL = "-Owholemodule";
				VALIDATE_PRODUCT = YES;
			};
			name = Release;
		};
		607FACF01AFB9204008FA782 /* Debug */ = {
			isa = XCBuildConfiguration;
			baseConfigurationReference = 5CE79418B1DA0D104CF695E7 /* Pods-Hornet_Example.debug.xcconfig */;
			buildSettings = {
				ASSETCATALOG_COMPILER_APPICON_NAME = AppIcon;
				DEVELOPMENT_TEAM = YT6QHNRQP3;
				INFOPLIST_FILE = Hornet/Info.plist;
				IPHONEOS_DEPLOYMENT_TARGET = 11.0;
				LD_RUNPATH_SEARCH_PATHS = "$(inherited) @executable_path/Frameworks";
				MODULE_NAME = ExampleApp;
				PRODUCT_BUNDLE_IDENTIFIER = "org.cocoapods.demo.$(PRODUCT_NAME:rfc1034identifier)";
				PRODUCT_NAME = "$(TARGET_NAME)";
				SWIFT_SWIFT3_OBJC_INFERENCE = Default;
				SWIFT_VERSION = 5.0;
			};
			name = Debug;
		};
		607FACF11AFB9204008FA782 /* Release */ = {
			isa = XCBuildConfiguration;
			baseConfigurationReference = 1290585D653AF38CA7318BA5 /* Pods-Hornet_Example.release.xcconfig */;
			buildSettings = {
				ASSETCATALOG_COMPILER_APPICON_NAME = AppIcon;
				DEVELOPMENT_TEAM = YT6QHNRQP3;
				INFOPLIST_FILE = Hornet/Info.plist;
				IPHONEOS_DEPLOYMENT_TARGET = 11.0;
				LD_RUNPATH_SEARCH_PATHS = "$(inherited) @executable_path/Frameworks";
				MODULE_NAME = ExampleApp;
				PRODUCT_BUNDLE_IDENTIFIER = "org.cocoapods.demo.$(PRODUCT_NAME:rfc1034identifier)";
				PRODUCT_NAME = "$(TARGET_NAME)";
				SWIFT_SWIFT3_OBJC_INFERENCE = Default;
				SWIFT_VERSION = 5.0;
			};
			name = Release;
		};
/* End XCBuildConfiguration section */

/* Begin XCConfigurationList section */
		607FACCB1AFB9204008FA782 /* Build configuration list for PBXProject "Hornet" */ = {
			isa = XCConfigurationList;
			buildConfigurations = (
				607FACED1AFB9204008FA782 /* Debug */,
				607FACEE1AFB9204008FA782 /* Release */,
			);
			defaultConfigurationIsVisible = 0;
			defaultConfigurationName = Release;
		};
		607FACEF1AFB9204008FA782 /* Build configuration list for PBXNativeTarget "Hornet_Example" */ = {
			isa = XCConfigurationList;
			buildConfigurations = (
				607FACF01AFB9204008FA782 /* Debug */,
				607FACF11AFB9204008FA782 /* Release */,
			);
			defaultConfigurationIsVisible = 0;
			defaultConfigurationName = Release;
		};
/* End XCConfigurationList section */
	};
	rootObject = 607FACC81AFB9204008FA782 /* Project object */;
}
